{
  "pins" : [
    {
      "identity" : "grpc-swift",
      "kind" : "remoteSourceControl",
      "location" : "https://github.com/grpc/grpc-swift.git",
      "state" : {
        "revision" : "3e17f2b847da39b50329b7a11c5ad23453190e8b",
        "version" : "1.13.0"
      }
    },
    {
      "identity" : "opentelemetry-swift",
      "kind" : "remoteSourceControl",
      "location" : "https://github.com/open-telemetry/opentelemetry-swift",
      "state" : {
        "revision" : "fd99c038c954b6858e11a29a442db993d0f0247c",
        "version" : "1.4.0"
      }
    },
    {
      "identity" : "opentracing-objc",
      "kind" : "remoteSourceControl",
      "location" : "https://github.com/undefinedlabs/opentracing-objc",
      "state" : {
        "revision" : "18c1a35ca966236cee0c5a714a51a73ff33384c1",
        "version" : "0.5.2"
      }
    },
    {
      "identity" : "plcrashreporter",
      "kind" : "remoteSourceControl",
      "location" : "https://github.com/microsoft/plcrashreporter",
      "state" : {
        "revision" : "6b27393cad517c067dceea85fadf050e70c4ceaa",
        "version" : "1.10.1"
      }
    },
    {
      "identity" : "sumologic-opentelemetry-ios",
      "kind" : "remoteSourceControl",
      "location" : "https://github.com/SumoLogic/sumologic-opentelemetry-ios",
      "state" : {
        "revision" : "c987183ca84416dc441942609cf1fa7170b4d6a9",
        "version" : "1.3.0"
      }
    },
    {
      "identity" : "swift-atomics",
      "kind" : "remoteSourceControl",
      "location" : "https://github.com/apple/swift-atomics.git",
      "state" : {
        "revision" : "919eb1d83e02121cdb434c7bfc1f0c66ef17febe",
        "version" : "1.0.2"
      }
    },
    {
      "identity" : "swift-collections",
      "kind" : "remoteSourceControl",
      "location" : "https://github.com/apple/swift-collections.git",
      "state" : {
        "revision" : "f504716c27d2e5d4144fa4794b12129301d17729",
        "version" : "1.0.3"
      }
    },
    {
      "identity" : "swift-log",
      "kind" : "remoteSourceControl",
      "location" : "https://github.com/apple/swift-log.git",
      "state" : {
        "revision" : "6fe203dc33195667ce1759bf0182975e4653ba1c",
        "version" : "1.4.4"
      }
    },
    {
      "identity" : "swift-metrics",
      "kind" : "remoteSourceControl",
      "location" : "https://github.com/apple/swift-metrics.git",
      "state" : {
        "revision" : "53be78637ecd165d1ddedc4e20de69b8f43ec3b7",
        "version" : "2.3.2"
      }
    },
    {
      "identity" : "swift-nio",
      "kind" : "remoteSourceControl",
      "location" : "https://github.com/apple/swift-nio.git",
      "state" : {
        "revision" : "edfceecba13d68c1c993382806e72f7e96feaa86",
        "version" : "2.44.0"
      }
    },
    {
      "identity" : "swift-nio-extras",
      "kind" : "remoteSourceControl",
      "location" : "https://github.com/apple/swift-nio-extras.git",
      "state" : {
        "revision" : "91dd2d61fb772e1311bb5f13b59266b579d77e42",
        "version" : "1.15.0"
      }
    },
    {
      "identity" : "swift-nio-http2",
      "kind" : "remoteSourceControl",
      "location" : "https://github.com/apple/swift-nio-http2.git",
      "state" : {
        "revision" : "d6656967f33ed8b368b38e4b198631fc7c484a40",
        "version" : "1.23.1"
      }
    },
    {
      "identity" : "swift-nio-ssl",
      "kind" : "remoteSourceControl",
      "location" : "https://github.com/apple/swift-nio-ssl.git",
      "state" : {
        "revision" : "4fb7ead803e38949eb1d6fabb849206a72c580f3",
        "version" : "2.23.0"
      }
    },
    {
      "identity" : "swift-nio-transport-services",
      "kind" : "remoteSourceControl",
      "location" : "https://github.com/apple/swift-nio-transport-services.git",
      "state" : {
        "revision" : "c0d9a144cfaec8d3d596aadde3039286a266c15c",
        "version" : "1.15.0"
      }
    },
    {
      "identity" : "swift-protobuf",
      "kind" : "remoteSourceControl",
      "location" : "https://github.com/apple/swift-protobuf.git",
      "state" : {
        "revision" : "ab3a58b7209a17d781c0d1dbb3e1ff3da306bae8",
        "version" : "1.20.3"
      }
    },
    {
      "identity" : "thrift-swift",
      "kind" : "remoteSourceControl",
      "location" : "https://github.com/undefinedlabs/Thrift-Swift",
      "state" : {
        "revision" : "18ff09e6b30e589ed38f90a1af23e193b8ecef8e",
        "version" : "1.1.2"
      }
    }
  ],
  "version" : 2
}
